
Microsoft Visual Studio Solution File, Format Version 12.00
# Visual Studio 15
Project("{FAE04EC0-301F-11D3-BF4B-00C04F79EFBC}") = "InterfacesAndTests", "InterfacesAndTests.csproj", "{607FD91E-F818-4375-946B-8F585FD9A0AF}"
EndProject
Project("{FAE04EC0-301F-11D3-BF4B-00C04F79EFBC}") = "Testability.UnitTests", "Testability.UnitTests\Testability.UnitTests.csproj", "{B8005F3D-E75B-45DA-847E-5DEFD33DF32C}"
EndProject
Global
	GlobalSection(SolutionConfigurationPlatforms) = preSolution
		Debug|Any CPU = Debug|Any CPU
		Release|Any CPU = Release|Any CPU
	EndGlobalSection
	GlobalSection(ProjectConfigurationPlatforms) = postSolution
		{607FD91E-F818-4375-946B-8F585FD9A0AF}.Debug|Any CPU.ActiveCfg = Debug|Any CPU
		{607FD91E-F818-4375-946B-8F585FD9A0AF}.Debug|Any CPU.Build.0 = Debug|Any CPU
		{607FD91E-F818-4375-946B-8F585FD9A0AF}.Release|Any CPU.ActiveCfg = Release|Any CPU
		{607FD91E-F818-4375-946B-8F585FD9A0AF}.Release|Any CPU.Build.0 = Release|Any CPU
		{B8005F3D-E75B-45DA-847E-5DEFD33DF32C}.Debug|Any CPU.ActiveCfg = Debug|Any CPU
		{B8005F3D-E75B-45DA-847E-5DEFD33DF32C}.Debug|Any CPU.Build.0 = Debug|Any CPU
		{B8005F3D-E75B-45DA-847E-5DEFD33DF32C}.Release|Any CPU.ActiveCfg = Release|Any CPU
		{B8005F3D-E75B-45DA-847E-5DEFD33DF32C}.Release|Any CPU.Build.0 = Release|Any CPU
	EndGlobalSection
EndGlobal
