
Microsoft Visual Studio Solution File, Format Version 12.00
# Visual Studio 15
Project("{FAE04EC0-301F-11D3-BF4B-00C04F79EFBC}") = "ConsoleApp8", "ConsoleApp8.csproj", "{66CD64A3-48F0-4713-9664-13F1BD23C985}"
EndProject
Global
	GlobalSection(SolutionConfigurationPlatforms) = preSolution
		Debug|Any CPU = Debug|Any CPU
		Release|Any CPU = Release|Any CPU
	EndGlobalSection
	GlobalSection(ProjectConfigurationPlatforms) = postSolution
		{66CD64A3-48F0-4713-9664-13F1BD23C985}.Debug|Any CPU.ActiveCfg = Debug|Any CPU
		{66CD64A3-48F0-4713-9664-13F1BD23C985}.Debug|Any CPU.Build.0 = Debug|Any CPU
		{66CD64A3-48F0-4713-9664-13F1BD23C985}.Release|Any CPU.ActiveCfg = Release|Any CPU
		{66CD64A3-48F0-4713-9664-13F1BD23C985}.Release|Any CPU.Build.0 = Release|Any CPU
	EndGlobalSection
EndGlobal
