
Microsoft Visual Studio Solution File, Format Version 12.00
# Visual Studio 15
Project("{FAE04EC0-301F-11D3-BF4B-00C04F79EFBC}") = "ConsoleApp10", "ConsoleApp10.csproj", "{C563B461-F8A7-400B-9281-BEE70EFD03EF}"
EndProject
Global
	GlobalSection(SolutionConfigurationPlatforms) = preSolution
		Debug|Any CPU = Debug|Any CPU
		Release|Any CPU = Release|Any CPU
	EndGlobalSection
	GlobalSection(ProjectConfigurationPlatforms) = postSolution
		{C563B461-F8A7-400B-9281-BEE70EFD03EF}.Debug|Any CPU.ActiveCfg = Debug|Any CPU
		{C563B461-F8A7-400B-9281-BEE70EFD03EF}.Debug|Any CPU.Build.0 = Debug|Any CPU
		{C563B461-F8A7-400B-9281-BEE70EFD03EF}.Release|Any CPU.ActiveCfg = Release|Any CPU
		{C563B461-F8A7-400B-9281-BEE70EFD03EF}.Release|Any CPU.Build.0 = Release|Any CPU
	EndGlobalSection
EndGlobal
