
Microsoft Visual Studio Solution File, Format Version 12.00
# Visual Studio 15
Project("{FAE04EC0-301F-11D3-BF4B-00C04F79EFBC}") = "ConsoleApp20", "ConsoleApp20.csproj", "{47CF8B51-C5B8-4392-A0EF-E51113659C6F}"
EndProject
Global
	GlobalSection(SolutionConfigurationPlatforms) = preSolution
		Debug|Any CPU = Debug|Any CPU
		Release|Any CPU = Release|Any CPU
	EndGlobalSection
	GlobalSection(ProjectConfigurationPlatforms) = postSolution
		{47CF8B51-C5B8-4392-A0EF-E51113659C6F}.Debug|Any CPU.ActiveCfg = Debug|Any CPU
		{47CF8B51-C5B8-4392-A0EF-E51113659C6F}.Debug|Any CPU.Build.0 = Debug|Any CPU
		{47CF8B51-C5B8-4392-A0EF-E51113659C6F}.Release|Any CPU.ActiveCfg = Release|Any CPU
		{47CF8B51-C5B8-4392-A0EF-E51113659C6F}.Release|Any CPU.Build.0 = Release|Any CPU
	EndGlobalSection
EndGlobal
